
Microsoft Visual Studio Solution File, Format Version 12.00
# Visual Studio Version 16
VisualStudioVersion = 16.0.31313.79
MinimumVisualStudioVersion = 10.0.40219.1
Project("{FAE04EC0-301F-11D3-BF4B-00C04F79EFBC}") = "Class_Inheritance_And_Polymorphism", "Class_Inheritance_And_Polymorphism\Class_Inheritance_And_Polymorphism.csproj", "{A7495640-BD5A-4258-9A00-94ADEED34A91}"
EndProject
Global
	GlobalSection(SolutionConfigurationPlatforms) = preSolution
		Debug|Any CPU = Debug|Any CPU
		Release|Any CPU = Release|Any CPU
	EndGlobalSection
	GlobalSection(ProjectConfigurationPlatforms) = postSolution
		{A7495640-BD5A-4258-9A00-94ADEED34A91}.Debug|Any CPU.ActiveCfg = Debug|Any CPU
		{A7495640-BD5A-4258-9A00-94ADEED34A91}.Debug|Any CPU.Build.0 = Debug|Any CPU
		{A7495640-BD5A-4258-9A00-94ADEED34A91}.Release|Any CPU.ActiveCfg = Release|Any CPU
		{A7495640-BD5A-4258-9A00-94ADEED34A91}.Release|Any CPU.Build.0 = Release|Any CPU
	EndGlobalSection
	GlobalSection(SolutionProperties) = preSolution
		HideSolutionNode = FALSE
	EndGlobalSection
	GlobalSection(ExtensibilityGlobals) = postSolution
		SolutionGuid = {F76D4152-5679-46B2-8075-127A8841C9DD}
	EndGlobalSection
EndGlobal
